<Solution>
  <Project Path="samples/Dominatus.FishTank.Tests/Dominatus.FishTank.Tests.csproj" Id="4c440e8a-0dcd-4011-a1fe-d6ba70b7c0cf" />
  <Project Path="samples/Dominatus.FishTank/Dominatus.Fishtank.csproj" />
  <Project Path="samples/Dominatus.Llm.DemoConsole/Dominatus.Llm.DemoConsole.csproj" />
  <Project Path="samples/Dominatus.SimConsole/Dominatus.SimConsole.csproj" Id="8741215a-1ee9-4090-823d-b2860b51c3e1" />
  <Project Path="src/Ariadne.Console/Ariadne.ConsoleApp.csproj" Id="4ffe8ebb-8ad5-4faa-bdad-afddf42b99e7" />
  <Project Path="src/Ariadne.OptFlow/Ariadne.OptFlow.csproj" Id="7f70086a-7f3d-4fcf-a681-49c83963a640" />
  <Project Path="src/Dominatus.Core/Dominatus.Core.csproj" />
  <Project Path="src/Dominatus.OptFlow/Dominatus.OptFlow.csproj" Id="31fe4a4a-c059-4ea0-a3c8-2837b15f8b77" />
  <Project Path="src/Dominatus.Llm.OptFlow/Dominatus.Llm.OptFlow.csproj" />
  <Project Path="src/Dominatus.StrideConn/Dominatus.StrideConn.csproj" />
  <Project Path="src/Dominatus.UtilityLite/Dominatus.UtilityLite.csproj" Id="467f35b4-f8be-4770-a516-75c2afb21db9" />
  <Project Path="tests/Ariadne,ConsoleApp.Tests/Ariadne,ConsoleApp.Tests.csproj" Id="9b598c48-2ebd-4917-acdd-05dcd18a212b" />
  <Project Path="tests/Dominatus.Core.Tests/Dominatus.Core.Tests.csproj" Id="b37f6e51-ca1b-4df8-b58f-7345ccc8d904" />
  <Project Path="tests/Dominatus.Llm.OptFlow.Tests/Dominatus.Llm.OptFlow.Tests.csproj" />
  <Project Path="tests/Dominatus.StrideConn.Tests/Dominatus.StrideConn.Tests.csproj" />
  <Project Path="tests/Dominatus.UtilityLite.Tests/Dominatus.UtilityLite.Tests.csproj" Id="3b8b1313-ac5e-4e4e-8e4e-5ee97af2e7b5" />
  <Project Path="src/Dominatus.Actuators.Standard/Dominatus.Actuators.Standard.csproj" />
  <Project Path="tests/Dominatus.Actuators.Standard.Tests/Dominatus.Actuators.Standard.Tests.csproj" />
</Solution>
