
Microsoft Visual Studio Solution File, Format Version 12.00
# Visual Studio Version 18
VisualStudioVersion = 18.5.11716.220 stable
MinimumVisualStudioVersion = 16.0.0.0
Project("{FAE04EC0-301F-11D3-BF4B-00C04F79EFBC}") = "Dominatus.StrideSandbox.Windows", "Dominatus.StrideSandbox.Windows\Dominatus.StrideSandbox.Windows.csproj", "{2385D46C-2436-4BD1-9928-0DF162E12DA2}"
EndProject
Project("{FAE04EC0-301F-11D3-BF4B-00C04F79EFBC}") = "Dominatus.StrideSandbox", "Dominatus.StrideSandbox\Dominatus.StrideSandbox.csproj", "{A11CDFB7-D762-47DB-9443-8F90E031AC4F}"
EndProject
Project("{FAE04EC0-301F-11D3-BF4B-00C04F79EFBC}") = "Dominatus.StrideSandbox.Linux", "Dominatus.StrideSandbox.Linux\Dominatus.StrideSandbox.Linux.csproj", "{D79D0826-15C9-465D-A734-6CE25E797B26}"
EndProject
Global
	GlobalSection(SolutionConfigurationPlatforms) = preSolution
		Debug|Any CPU = Debug|Any CPU
		Release|Any CPU = Release|Any CPU
	EndGlobalSection
	GlobalSection(ProjectConfigurationPlatforms) = postSolution
		{2385D46C-2436-4BD1-9928-0DF162E12DA2}.Debug|Any CPU.ActiveCfg = Debug|Any CPU
		{2385D46C-2436-4BD1-9928-0DF162E12DA2}.Debug|Any CPU.Build.0 = Debug|Any CPU
		{2385D46C-2436-4BD1-9928-0DF162E12DA2}.Release|Any CPU.ActiveCfg = Release|Any CPU
		{2385D46C-2436-4BD1-9928-0DF162E12DA2}.Release|Any CPU.Build.0 = Release|Any CPU
		{A11CDFB7-D762-47DB-9443-8F90E031AC4F}.Debug|Any CPU.ActiveCfg = Debug|Any CPU
		{A11CDFB7-D762-47DB-9443-8F90E031AC4F}.Debug|Any CPU.Build.0 = Debug|Any CPU
		{A11CDFB7-D762-47DB-9443-8F90E031AC4F}.Release|Any CPU.ActiveCfg = Release|Any CPU
		{A11CDFB7-D762-47DB-9443-8F90E031AC4F}.Release|Any CPU.Build.0 = Release|Any CPU
		{D79D0826-15C9-465D-A734-6CE25E797B26}.Debug|Any CPU.ActiveCfg = Debug|Any CPU
		{D79D0826-15C9-465D-A734-6CE25E797B26}.Debug|Any CPU.Build.0 = Debug|Any CPU
		{D79D0826-15C9-465D-A734-6CE25E797B26}.Release|Any CPU.ActiveCfg = Release|Any CPU
		{D79D0826-15C9-465D-A734-6CE25E797B26}.Release|Any CPU.Build.0 = Release|Any CPU
	EndGlobalSection
	GlobalSection(SolutionProperties) = preSolution
		HideSolutionNode = FALSE
	EndGlobalSection
EndGlobal
